
Microsoft Visual Studio Solution File, Format Version 12.00
# Visual Studio Version 17
VisualStudioVersion = 17.14.36121.58 d17.14
MinimumVisualStudioVersion = 10.0.40219.1
Project("{FAE04EC0-301F-11D3-BF4B-00C04F79EFBC}") = "DatingAppBackend", "DatingAppBackend\DatingAppBackend.csproj", "{442BEDA8-E411-45ED-94AE-937EC88F99CE}"
EndProject
Global
	GlobalSection(SolutionConfigurationPlatforms) = preSolution
		Debug|Any CPU = Debug|Any CPU
		Release|Any CPU = Release|Any CPU
	EndGlobalSection
	GlobalSection(ProjectConfigurationPlatforms) = postSolution
		{442BEDA8-E411-45ED-94AE-937EC88F99CE}.Debug|Any CPU.ActiveCfg = Debug|Any CPU
		{442BEDA8-E411-45ED-94AE-937EC88F99CE}.Debug|Any CPU.Build.0 = Debug|Any CPU
		{442BEDA8-E411-45ED-94AE-937EC88F99CE}.Release|Any CPU.ActiveCfg = Release|Any CPU
		{442BEDA8-E411-45ED-94AE-937EC88F99CE}.Release|Any CPU.Build.0 = Release|Any CPU
	EndGlobalSection
	GlobalSection(SolutionProperties) = preSolution
		HideSolutionNode = FALSE
	EndGlobalSection
	GlobalSection(ExtensibilityGlobals) = postSolution
		SolutionGuid = {913237F4-1AC1-48FE-BB7B-3EA87461CBF5}
	EndGlobalSection
EndGlobal
